
Microsoft Visual Studio Solution File, Format Version 12.00
# Visual Studio Version 17
Project("{8BC9CEB8-8B4A-11D0-8D11-00A0C91BC942}") = "RealTrafficFix", "RealTrafficFix.vcxproj", "{2F96E37F-1B64-D785-04F8-47ACF064B3EA}"
EndProject
Global
	GlobalSection(SolutionConfigurationPlatforms) = preSolution
		Debug|GTA-SA = Debug|GTA-SA
		Release|GTA-SA = Release|GTA-SA
	EndGlobalSection
	GlobalSection(ProjectConfigurationPlatforms) = postSolution
		{2F96E37F-1B64-D785-04F8-47ACF064B3EA}.Debug|GTA-SA.ActiveCfg = Debug GTA-SA|Win32
		{2F96E37F-1B64-D785-04F8-47ACF064B3EA}.Debug|GTA-SA.Build.0 = Debug GTA-SA|Win32
		{2F96E37F-1B64-D785-04F8-47ACF064B3EA}.Release|GTA-SA.ActiveCfg = Release GTA-SA|Win32
		{2F96E37F-1B64-D785-04F8-47ACF064B3EA}.Release|GTA-SA.Build.0 = Release GTA-SA|Win32
	EndGlobalSection
	GlobalSection(SolutionProperties) = preSolution
		HideSolutionNode = FALSE
	EndGlobalSection
EndGlobal
